// !$*UTF8*$!
{
	archiveVersion = 1;
	classes = {
	};
	objectVersion = 56;
	objects = {

/* Begin PBXBuildFile section */
		CF9EA4DB29C05AF40007AFF3 /* quote_cardApp.swift in Sources */ = {isa = PBXBuildFile; fileRef = CF9EA4DA29C05AF40007AFF3 /* quote_cardApp.swift */; };
		CF9EA4DD29C05AF40007AFF3 /* QuoteCardView.swift in Sources */ = {isa = PBXBuildFile; fileRef = CF9EA4DC29C05AF40007AFF3 /* QuoteCardView.swift */; };
		CF9EA4DF29C05AF70007AFF3 /* Assets.xcassets in Resources */ = {isa = PBXBuildFile; fileRef = CF9EA4DE29C05AF70007AFF3 /* Assets.xcassets */; };
		CF9EA4E229C05AF70007AFF3 /* Preview Assets.xcassets in Resources */ = {isa = PBXBuildFile; fileRef = CF9EA4E129C05AF70007AFF3 /* Preview Assets.xcassets */; };
		CF9EA4EC29C05AF70007AFF3 /* quote_cardTests.swift in Sources */ = {isa = PBXBuildFile; fileRef = CF9EA4EB29C05AF70007AFF3 /* quote_cardTests.swift */; };
		CF9EA4F629C05AF70007AFF3 /* quote_cardUITests.swift in Sources */ = {isa = PBXBuildFile; fileRef = CF9EA4F529C05AF70007AFF3 /* quote_cardUITests.swift */; };
		CF9EA4F829C05AF70007AFF3 /* quote_cardUITestsLaunchTests.swift in Sources */ = {isa = PBXBuildFile; fileRef = CF9EA4F729C05AF70007AFF3 /* quote_cardUITestsLaunchTests.swift */; };
		CF9EA50A29C05D610007AFF3 /* quotes.json in Resources */ = {isa = PBXBuildFile; fileRef = CF9EA50929C05D610007AFF3 /* quotes.json */; };
		CF9EA50C29C05F680007AFF3 /* Quote.swift in Sources */ = {isa = PBXBuildFile; fileRef = CF9EA50B29C05F680007AFF3 /* Quote.swift */; };
		CF9EA50E29C0614B0007AFF3 /* QuoteModel.swift in Sources */ = {isa = PBXBuildFile; fileRef = CF9EA50D29C0614B0007AFF3 /* QuoteModel.swift */; };
		CF9EA51029C0864A0007AFF3 /* DataService.swift in Sources */ = {isa = PBXBuildFile; fileRef = CF9EA50F29C0864A0007AFF3 /* DataService.swift */; };
		CF9EA51429C218150007AFF3 /* QuoteCardDetailView.swift in Sources */ = {isa = PBXBuildFile; fileRef = CF9EA51329C218150007AFF3 /* QuoteCardDetailView.swift */; };
/* End PBXBuildFile section */

/* Begin PBXContainerItemProxy section */
		CF9EA4E829C05AF70007AFF3 /* PBXContainerItemProxy */ = {
			isa = PBXContainerItemProxy;
			containerPortal = CF9EA4CF29C05AF40007AFF3 /* Project object */;
			proxyType = 1;
			remoteGlobalIDString = CF9EA4D629C05AF40007AFF3;
			remoteInfo = quote_card;
		};
		CF9EA4F229C05AF70007AFF3 /* PBXContainerItemProxy */ = {
			isa = PBXContainerItemProxy;
			containerPortal = CF9EA4CF29C05AF40007AFF3 /* Project object */;
			proxyType = 1;
			remoteGlobalIDString = CF9EA4D629C05AF40007AFF3;
			remoteInfo = quote_card;
		};
/* End PBXContainerItemProxy section */

/* Begin PBXFileReference section */
		CF9EA4D729C05AF40007AFF3 /* quote_card.app */ = {isa = PBXFileReference; explicitFileType = wrapper.application; includeInIndex = 0; path = quote_card.app; sourceTree = BUILT_PRODUCTS_DIR; };
		CF9EA4DA29C05AF40007AFF3 /* quote_cardApp.swift */ = {isa = PBXFileReference; lastKnownFileType = sourcecode.swift; path = quote_cardApp.swift; sourceTree = "<group>"; };
		CF9EA4DC29C05AF40007AFF3 /* QuoteCardView.swift */ = {isa = PBXFileReference; lastKnownFileType = sourcecode.swift; path = QuoteCardView.swift; sourceTree = "<group>"; };
		CF9EA4DE29C05AF70007AFF3 /* Assets.xcassets */ = {isa = PBXFileReference; lastKnownFileType = folder.assetcatalog; path = Assets.xcassets; sourceTree = "<group>"; };
		CF9EA4E129C05AF70007AFF3 /* Preview Assets.xcassets */ = {isa = PBXFileReference; lastKnownFileType = folder.assetcatalog; path = "Preview Assets.xcassets"; sourceTree = "<group>"; };
		CF9EA4E729C05AF70007AFF3 /* quote_cardTests.xctest */ = {isa = PBXFileReference; explicitFileType = wrapper.cfbundle; includeInIndex = 0; path = quote_cardTests.xctest; sourceTree = BUILT_PRODUCTS_DIR; };
		CF9EA4EB29C05AF70007AFF3 /* quote_cardTests.swift */ = {isa = PBXFileReference; lastKnownFileType = sourcecode.swift; path = quote_cardTests.swift; sourceTree = "<group>"; };
		CF9EA4F129C05AF70007AFF3 /* quote_cardUITests.xctest */ = {isa = PBXFileReference; explicitFileType = wrapper.cfbundle; includeInIndex = 0; path = quote_cardUITests.xctest; sourceTree = BUILT_PRODUCTS_DIR; };
		CF9EA4F529C05AF70007AFF3 /* quote_cardUITests.swift */ = {isa = PBXFileReference; lastKnownFileType = sourcecode.swift; path = quote_cardUITests.swift; sourceTree = "<group>"; };
		CF9EA4F729C05AF70007AFF3 /* quote_cardUITestsLaunchTests.swift */ = {isa = PBXFileReference; lastKnownFileType = sourcecode.swift; path = quote_cardUITestsLaunchTests.swift; sourceTree = "<group>"; };
		CF9EA50929C05D610007AFF3 /* quotes.json */ = {isa = PBXFileReference; lastKnownFileType = text.json; path = quotes.json; sourceTree = "<group>"; };
		CF9EA50B29C05F680007AFF3 /* Quote.swift */ = {isa = PBXFileReference; lastKnownFileType = sourcecode.swift; path = Quote.swift; sourceTree = "<group>"; };
		CF9EA50D29C0614B0007AFF3 /* QuoteModel.swift */ = {isa = PBXFileReference; lastKnownFileType = sourcecode.swift; path = QuoteModel.swift; sourceTree = "<group>"; };
		CF9EA50F29C0864A0007AFF3 /* DataService.swift */ = {isa = PBXFileReference; lastKnownFileType = sourcecode.swift; path = DataService.swift; sourceTree = "<group>"; };
		CF9EA51329C218150007AFF3 /* QuoteCardDetailView.swift */ = {isa = PBXFileReference; lastKnownFileType = sourcecode.swift; path = QuoteCardDetailView.swift; sourceTree = "<group>"; };
/* End PBXFileReference section */

/* Begin PBXFrameworksBuildPhase section */
		CF9EA4D429C05AF40007AFF3 /* Frameworks */ = {
			isa = PBXFrameworksBuildPhase;
			buildActionMask = 2147483647;
			files = (
			);
			runOnlyForDeploymentPostprocessing = 0;
		};
		CF9EA4E429C05AF70007AFF3 /* Frameworks */ = {
			isa = PBXFrameworksBuildPhase;
			buildActionMask = 2147483647;
			files = (
			);
			runOnlyForDeploymentPostprocessing = 0;
		};
		CF9EA4EE29C05AF70007AFF3 /* Frameworks */ = {
			isa = PBXFrameworksBuildPhase;
			buildActionMask = 2147483647;
			files = (
			);
			runOnlyForDeploymentPostprocessing = 0;
		};
/* End PBXFrameworksBuildPhase section */

/* Begin PBXGroup section */
		CF9EA4CE29C05AF40007AFF3 = {
			isa = PBXGroup;
			children = (
				CF9EA4D929C05AF40007AFF3 /* quote_card */,
				CF9EA4EA29C05AF70007AFF3 /* quote_cardTests */,
				CF9EA4F429C05AF70007AFF3 /* quote_cardUITests */,
				CF9EA4D829C05AF40007AFF3 /* Products */,
			);
			sourceTree = "<group>";
		};
		CF9EA4D829C05AF40007AFF3 /* Products */ = {
			isa = PBXGroup;
			children = (
				CF9EA4D729C05AF40007AFF3 /* quote_card.app */,
				CF9EA4E729C05AF70007AFF3 /* quote_cardTests.xctest */,
				CF9EA4F129C05AF70007AFF3 /* quote_cardUITests.xctest */,
			);
			name = Products;
			sourceTree = "<group>";
		};
		CF9EA4D929C05AF40007AFF3 /* quote_card */ = {
			isa = PBXGroup;
			children = (
				CF9EA4DA29C05AF40007AFF3 /* quote_cardApp.swift */,
				CF9EA50429C05B910007AFF3 /* Views */,
				CF9EA50529C05B9E0007AFF3 /* ViewModels */,
				CF9EA50629C05BA50007AFF3 /* Models */,
				CF9EA50829C05BB60007AFF3 /* Data */,
				CF9EA50729C05BAE0007AFF3 /* Services */,
				CF9EA4DE29C05AF70007AFF3 /* Assets.xcassets */,
				CF9EA4E029C05AF70007AFF3 /* Preview Content */,
			);
			path = quote_card;
			sourceTree = "<group>";
		};
		CF9EA4E029C05AF70007AFF3 /* Preview Content */ = {
			isa = PBXGroup;
			children = (
				CF9EA4E129C05AF70007AFF3 /* Preview Assets.xcassets */,
			);
			path = "Preview Content";
			sourceTree = "<group>";
		};
		CF9EA4EA29C05AF70007AFF3 /* quote_cardTests */ = {
			isa = PBXGroup;
			children = (
				CF9EA4EB29C05AF70007AFF3 /* quote_cardTests.swift */,
			);
			path = quote_cardTests;
			sourceTree = "<group>";
		};
		CF9EA4F429C05AF70007AFF3 /* quote_cardUITests */ = {
			isa = PBXGroup;
			children = (
				CF9EA4F529C05AF70007AFF3 /* quote_cardUITests.swift */,
				CF9EA4F729C05AF70007AFF3 /* quote_cardUITestsLaunchTests.swift */,
			);
			path = quote_cardUITests;
			sourceTree = "<group>";
		};
		CF9EA50429C05B910007AFF3 /* Views */ = {
			isa = PBXGroup;
			children = (
				CF9EA4DC29C05AF40007AFF3 /* QuoteCardView.swift */,
				CF9EA51329C218150007AFF3 /* QuoteCardDetailView.swift */,
			);
			path = Views;
			sourceTree = "<group>";
		};
		CF9EA50529C05B9E0007AFF3 /* ViewModels */ = {
			isa = PBXGroup;
			children = (
				CF9EA50D29C0614B0007AFF3 /* QuoteModel.swift */,
			);
			path = ViewModels;
			sourceTree = "<group>";
		};
		CF9EA50629C05BA50007AFF3 /* Models */ = {
			isa = PBXGroup;
			children = (
				CF9EA50B29C05F680007AFF3 /* Quote.swift */,
			);
			path = Models;
			sourceTree = "<group>";
		};
		CF9EA50729C05BAE0007AFF3 /* Services */ = {
			isa = PBXGroup;
			children = (
				CF9EA50F29C0864A0007AFF3 /* DataService.swift */,
			);
			path = Services;
			sourceTree = "<group>";
		};
		CF9EA50829C05BB60007AFF3 /* Data */ = {
			isa = PBXGroup;
			children = (
				CF9EA50929C05D610007AFF3 /* quotes.json */,
			);
			path = Data;
			sourceTree = "<group>";
		};
/* End PBXGroup section */

/* Begin PBXNativeTarget section */
		CF9EA4D629C05AF40007AFF3 /* quote_card */ = {
			isa = PBXNativeTarget;
			buildConfigurationList = CF9EA4FB29C05AF70007AFF3 /* Build configuration list for PBXNativeTarget "quote_card" */;
			buildPhases = (
				CF9EA4D329C05AF40007AFF3 /* Sources */,
				CF9EA4D429C05AF40007AFF3 /* Frameworks */,
				CF9EA4D529C05AF40007AFF3 /* Resources */,
			);
			buildRules = (
			);
			dependencies = (
			);
			name = quote_card;
			productName = quote_card;
			productReference = CF9EA4D729C05AF40007AFF3 /* quote_card.app */;
			productType = "com.apple.product-type.application";
		};
		CF9EA4E629C05AF70007AFF3 /* quote_cardTests */ = {
			isa = PBXNativeTarget;
			buildConfigurationList = CF9EA4FE29C05AF70007AFF3 /* Build configuration list for PBXNativeTarget "quote_cardTests" */;
			buildPhases = (
				CF9EA4E329C05AF70007AFF3 /* Sources */,
				CF9EA4E429C05AF70007AFF3 /* Frameworks */,
				CF9EA4E529C05AF70007AFF3 /* Resources */,
			);
			buildRules = (
			);
			dependencies = (
				CF9EA4E929C05AF70007AFF3 /* PBXTargetDependency */,
			);
			name = quote_cardTests;
			productName = quote_cardTests;
			productReference = CF9EA4E729C05AF70007AFF3 /* quote_cardTests.xctest */;
			productType = "com.apple.product-type.bundle.unit-test";
		};
		CF9EA4F029C05AF70007AFF3 /* quote_cardUITests */ = {
			isa = PBXNativeTarget;
			buildConfigurationList = CF9EA50129C05AF70007AFF3 /* Build configuration list for PBXNativeTarget "quote_cardUITests" */;
			buildPhases = (
				CF9EA4ED29C05AF70007AFF3 /* Sources */,
				CF9EA4EE29C05AF70007AFF3 /* Frameworks */,
				CF9EA4EF29C05AF70007AFF3 /* Resources */,
			);
			buildRules = (
			);
			dependencies = (
				CF9EA4F329C05AF70007AFF3 /* PBXTargetDependency */,
			);
			name = quote_cardUITests;
			productName = quote_cardUITests;
			productReference = CF9EA4F129C05AF70007AFF3 /* quote_cardUITests.xctest */;
			productType = "com.apple.product-type.bundle.ui-testing";
		};
/* End PBXNativeTarget section */

/* Begin PBXProject section */
		CF9EA4CF29C05AF40007AFF3 /* Project object */ = {
			isa = PBXProject;
			attributes = {
				BuildIndependentTargetsInParallel = 1;
				LastSwiftUpdateCheck = 1420;
				LastUpgradeCheck = 1420;
				TargetAttributes = {
					CF9EA4D629C05AF40007AFF3 = {
						CreatedOnToolsVersion = 14.2;
					};
					CF9EA4E629C05AF70007AFF3 = {
						CreatedOnToolsVersion = 14.2;
						TestTargetID = CF9EA4D629C05AF40007AFF3;
					};
					CF9EA4F029C05AF70007AFF3 = {
						CreatedOnToolsVersion = 14.2;
						TestTargetID = CF9EA4D629C05AF40007AFF3;
					};
				};
			};
			buildConfigurationList = CF9EA4D229C05AF40007AFF3 /* Build configuration list for PBXProject "quote_card" */;
			compatibilityVersion = "Xcode 14.0";
			developmentRegion = en;
			hasScannedForEncodings = 0;
			knownRegions = (
				en,
				Base,
			);
			mainGroup = CF9EA4CE29C05AF40007AFF3;
			productRefGroup = CF9EA4D829C05AF40007AFF3 /* Products */;
			projectDirPath = "";
			projectRoot = "";
			targets = (
				CF9EA4D629C05AF40007AFF3 /* quote_card */,
				CF9EA4E629C05AF70007AFF3 /* quote_cardTests */,
				CF9EA4F029C05AF70007AFF3 /* quote_cardUITests */,
			);
		};
/* End PBXProject section */

/* Begin PBXResourcesBuildPhase section */
		CF9EA4D529C05AF40007AFF3 /* Resources */ = {
			isa = PBXResourcesBuildPhase;
			buildActionMask = 2147483647;
			files = (
				CF9EA50A29C05D610007AFF3 /* quotes.json in Resources */,
				CF9EA4E229C05AF70007AFF3 /* Preview Assets.xcassets in Resources */,
				CF9EA4DF29C05AF70007AFF3 /* Assets.xcassets in Resources */,
			);
			runOnlyForDeploymentPostprocessing = 0;
		};
		CF9EA4E529C05AF70007AFF3 /* Resources */ = {
			isa = PBXResourcesBuildPhase;
			buildActionMask = 2147483647;
			files = (
			);
			runOnlyForDeploymentPostprocessing = 0;
		};
		CF9EA4EF29C05AF70007AFF3 /* Resources */ = {
			isa = PBXResourcesBuildPhase;
			buildActionMask = 2147483647;
			files = (
			);
			runOnlyForDeploymentPostprocessing = 0;
		};
/* End PBXResourcesBuildPhase section */

/* Begin PBXSourcesBuildPhase section */
		CF9EA4D329C05AF40007AFF3 /* Sources */ = {
			isa = PBXSourcesBuildPhase;
			buildActionMask = 2147483647;
			files = (
				CF9EA4DD29C05AF40007AFF3 /* QuoteCardView.swift in Sources */,
				CF9EA50C29C05F680007AFF3 /* Quote.swift in Sources */,
				CF9EA51429C218150007AFF3 /* QuoteCardDetailView.swift in Sources */,
				CF9EA50E29C0614B0007AFF3 /* QuoteModel.swift in Sources */,
				CF9EA4DB29C05AF40007AFF3 /* quote_cardApp.swift in Sources */,
				CF9EA51029C0864A0007AFF3 /* DataService.swift in Sources */,
			);
			runOnlyForDeploymentPostprocessing = 0;
		};
		CF9EA4E329C05AF70007AFF3 /* Sources */ = {
			isa = PBXSourcesBuildPhase;
			buildActionMask = 2147483647;
			files = (
				CF9EA4EC29C05AF70007AFF3 /* quote_cardTests.swift in Sources */,
			);
			runOnlyForDeploymentPostprocessing = 0;
		};
		CF9EA4ED29C05AF70007AFF3 /* Sources */ = {
			isa = PBXSourcesBuildPhase;
			buildActionMask = 2147483647;
			files = (
				CF9EA4F629C05AF70007AFF3 /* quote_cardUITests.swift in Sources */,
				CF9EA4F829C05AF70007AFF3 /* quote_cardUITestsLaunchTests.swift in Sources */,
			);
			runOnlyForDeploymentPostprocessing = 0;
		};
/* End PBXSourcesBuildPhase section */

/* Begin PBXTargetDependency section */
		CF9EA4E929C05AF70007AFF3 /* PBXTargetDependency */ = {
			isa = PBXTargetDependency;
			target = CF9EA4D629C05AF40007AFF3 /* quote_card */;
			targetProxy = CF9EA4E829C05AF70007AFF3 /* PBXContainerItemProxy */;
		};
		CF9EA4F329C05AF70007AFF3 /* PBXTargetDependency */ = {
			isa = PBXTargetDependency;
			target = CF9EA4D629C05AF40007AFF3 /* quote_card */;
			targetProxy = CF9EA4F229C05AF70007AFF3 /* PBXContainerItemProxy */;
		};
/* End PBXTargetDependency section */

/* Begin XCBuildConfiguration section */
		CF9EA4F929C05AF70007AFF3 /* Debug */ = {
			isa = XCBuildConfiguration;
			buildSettings = {
				ALWAYS_SEARCH_USER_PATHS = NO;
				CLANG_ANALYZER_NONNULL = YES;
				CLANG_ANALYZER_NUMBER_OBJECT_CONVERSION = YES_AGGRESSIVE;
				CLANG_CXX_LANGUAGE_STANDARD = "gnu++20";
				CLANG_ENABLE_MODULES = YES;
				CLANG_ENABLE_OBJC_ARC = YES;
				CLANG_ENABLE_OBJC_WEAK = YES;
				CLANG_WARN_BLOCK_CAPTURE_AUTORELEASING = YES;
				CLANG_WARN_BOOL_CONVERSION = YES;
				CLANG_WARN_COMMA = YES;
				CLANG_WARN_CONSTANT_CONVERSION = YES;
				CLANG_WARN_DEPRECATED_OBJC_IMPLEMENTATIONS = YES;
				CLANG_WARN_DIRECT_OBJC_ISA_USAGE = YES_ERROR;
				CLANG_WARN_DOCUMENTATION_COMMENTS = YES;
				CLANG_WARN_EMPTY_BODY = YES;
				CLANG_WARN_ENUM_CONVERSION = YES;
				CLANG_WARN_INFINITE_RECURSION = YES;
				CLANG_WARN_INT_CONVERSION = YES;
				CLANG_WARN_NON_LITERAL_NULL_CONVERSION = YES;
				CLANG_WARN_OBJC_IMPLICIT_RETAIN_SELF = YES;
				CLANG_WARN_OBJC_LITERAL_CONVERSION = YES;
				CLANG_WARN_OBJC_ROOT_CLASS = YES_ERROR;
				CLANG_WARN_QUOTED_INCLUDE_IN_FRAMEWORK_HEADER = YES;
				CLANG_WARN_RANGE_LOOP_ANALYSIS = YES;
				CLANG_WARN_STRICT_PROTOTYPES = YES;
				CLANG_WARN_SUSPICIOUS_MOVE = YES;
				CLANG_WARN_UNGUARDED_AVAILABILITY = YES_AGGRESSIVE;
				CLANG_WARN_UNREACHABLE_CODE = YES;
				CLANG_WARN__DUPLICATE_METHOD_MATCH = YES;
				COPY_PHASE_STRIP = NO;
				DEBUG_INFORMATION_FORMAT = dwarf;
				ENABLE_STRICT_OBJC_MSGSEND = YES;
				ENABLE_TESTABILITY = YES;
				GCC_C_LANGUAGE_STANDARD = gnu11;
				GCC_DYNAMIC_NO_PIC = NO;
				GCC_NO_COMMON_BLOCKS = YES;
				GCC_OPTIMIZATION_LEVEL = 0;
				GCC_PREPROCESSOR_DEFINITIONS = (
					"DEBUG=1",
					"$(inherited)",
				);
				GCC_WARN_64_TO_32_BIT_CONVERSION = YES;
				GCC_WARN_ABOUT_RETURN_TYPE = YES_ERROR;
				GCC_WARN_UNDECLARED_SELECTOR = YES;
				GCC_WARN_UNINITIALIZED_AUTOS = YES_AGGRESSIVE;
				GCC_WARN_UNUSED_FUNCTION = YES;
				GCC_WARN_UNUSED_VARIABLE = YES;
				IPHONEOS_DEPLOYMENT_TARGET = 16.2;
				MTL_ENABLE_DEBUG_INFO = INCLUDE_SOURCE;
				MTL_FAST_MATH = YES;
				ONLY_ACTIVE_ARCH = YES;
				SDKROOT = iphoneos;
				SWIFT_ACTIVE_COMPILATION_CONDITIONS = DEBUG;
				SWIFT_OPTIMIZATION_LEVEL = "-Onone";
			};
			name = Debug;
		};
		CF9EA4FA29C05AF70007AFF3 /* Release */ = {
			isa = XCBuildConfiguration;
			buildSettings = {
				ALWAYS_SEARCH_USER_PATHS = NO;
				CLANG_ANALYZER_NONNULL = YES;
				CLANG_ANALYZER_NUMBER_OBJECT_CONVERSION = YES_AGGRESSIVE;
				CLANG_CXX_LANGUAGE_STANDARD = "gnu++20";
				CLANG_ENABLE_MODULES = YES;
				CLANG_ENABLE_OBJC_ARC = YES;
				CLANG_ENABLE_OBJC_WEAK = YES;
				CLANG_WARN_BLOCK_CAPTURE_AUTORELEASING = YES;
				CLANG_WARN_BOOL_CONVERSION = YES;
				CLANG_WARN_COMMA = YES;
				CLANG_WARN_CONSTANT_CONVERSION = YES;
				CLANG_WARN_DEPRECATED_OBJC_IMPLEMENTATIONS = YES;
				CLANG_WARN_DIRECT_OBJC_ISA_USAGE = YES_ERROR;
				CLANG_WARN_DOCUMENTATION_COMMENTS = YES;
				CLANG_WARN_EMPTY_BODY = YES;
				CLANG_WARN_ENUM_CONVERSION = YES;
				CLANG_WARN_INFINITE_RECURSION = YES;
				CLANG_WARN_INT_CONVERSION = YES;
				CLANG_WARN_NON_LITERAL_NULL_CONVERSION = YES;
				CLANG_WARN_OBJC_IMPLICIT_RETAIN_SELF = YES;
				CLANG_WARN_OBJC_LITERAL_CONVERSION = YES;
				CLANG_WARN_OBJC_ROOT_CLASS = YES_ERROR;
				CLANG_WARN_QUOTED_INCLUDE_IN_FRAMEWORK_HEADER = YES;
				CLANG_WARN_RANGE_LOOP_ANALYSIS = YES;
				CLANG_WARN_STRICT_PROTOTYPES = YES;
				CLANG_WARN_SUSPICIOUS_MOVE = YES;
				CLANG_WARN_UNGUARDED_AVAILABILITY = YES_AGGRESSIVE;
				CLANG_WARN_UNREACHABLE_CODE = YES;
				CLANG_WARN__DUPLICATE_METHOD_MATCH = YES;
				COPY_PHASE_STRIP = NO;
				DEBUG_INFORMATION_FORMAT = "dwarf-with-dsym";
				ENABLE_NS_ASSERTIONS = NO;
				ENABLE_STRICT_OBJC_MSGSEND = YES;
				GCC_C_LANGUAGE_STANDARD = gnu11;
				GCC_NO_COMMON_BLOCKS = YES;
				GCC_WARN_64_TO_32_BIT_CONVERSION = YES;
				GCC_WARN_ABOUT_RETURN_TYPE = YES_ERROR;
				GCC_WARN_UNDECLARED_SELECTOR = YES;
				GCC_WARN_UNINITIALIZED_AUTOS = YES_AGGRESSIVE;
				GCC_WARN_UNUSED_FUNCTION = YES;
				GCC_WARN_UNUSED_VARIABLE = YES;
				IPHONEOS_DEPLOYMENT_TARGET = 16.2;
				MTL_ENABLE_DEBUG_INFO = NO;
				MTL_FAST_MATH = YES;
				SDKROOT = iphoneos;
				SWIFT_COMPILATION_MODE = wholemodule;
				SWIFT_OPTIMIZATION_LEVEL = "-O";
				VALIDATE_PRODUCT = YES;
			};
			name = Release;
		};
		CF9EA4FC29C05AF70007AFF3 /* Debug */ = {
			isa = XCBuildConfiguration;
			buildSettings = {
				ASSETCATALOG_COMPILER_APPICON_NAME = AppIcon;
				ASSETCATALOG_COMPILER_GLOBAL_ACCENT_COLOR_NAME = AccentColor;
				CODE_SIGN_STYLE = Automatic;
				CURRENT_PROJECT_VERSION = 1;
				DEVELOPMENT_ASSET_PATHS = "\"quote_card/Preview Content\"";
				ENABLE_PREVIEWS = YES;
				GENERATE_INFOPLIST_FILE = YES;
				INFOPLIST_KEY_UIApplicationSceneManifest_Generation = YES;
				INFOPLIST_KEY_UIApplicationSupportsIndirectInputEvents = YES;
				INFOPLIST_KEY_UILaunchScreen_Generation = YES;
				INFOPLIST_KEY_UISupportedInterfaceOrientations_iPad = "UIInterfaceOrientationPortrait UIInterfaceOrientationPortraitUpsideDown UIInterfaceOrientationLandscapeLeft UIInterfaceOrientationLandscapeRight";
				INFOPLIST_KEY_UISupportedInterfaceOrientations_iPhone = "UIInterfaceOrientationPortrait UIInterfaceOrientationLandscapeLeft UIInterfaceOrientationLandscapeRight";
				LD_RUNPATH_SEARCH_PATHS = (
					"$(inherited)",
					"@executable_path/Frameworks",
				);
				MARKETING_VERSION = 1.0;
				PRODUCT_BUNDLE_IDENTIFIER = "com.quote-card";
				PRODUCT_NAME = "$(TARGET_NAME)";
				SWIFT_EMIT_LOC_STRINGS = YES;
				SWIFT_VERSION = 5.0;
				TARGETED_DEVICE_FAMILY = "1,2";
			};
			name = Debug;
		};
		CF9EA4FD29C05AF70007AFF3 /* Release */ = {
			isa = XCBuildConfiguration;
			buildSettings = {
				ASSETCATALOG_COMPILER_APPICON_NAME = AppIcon;
				ASSETCATALOG_COMPILER_GLOBAL_ACCENT_COLOR_NAME = AccentColor;
				CODE_SIGN_STYLE = Automatic;
				CURRENT_PROJECT_VERSION = 1;
				DEVELOPMENT_ASSET_PATHS = "\"quote_card/Preview Content\"";
				ENABLE_PREVIEWS = YES;
				GENERATE_INFOPLIST_FILE = YES;
				INFOPLIST_KEY_UIApplicationSceneManifest_Generation = YES;
				INFOPLIST_KEY_UIApplicationSupportsIndirectInputEvents = YES;
				INFOPLIST_KEY_UILaunchScreen_Generation = YES;
				INFOPLIST_KEY_UISupportedInterfaceOrientations_iPad = "UIInterfaceOrientationPortrait UIInterfaceOrientationPortraitUpsideDown UIInterfaceOrientationLandscapeLeft UIInterfaceOrientationLandscapeRight";
				INFOPLIST_KEY_UISupportedInterfaceOrientations_iPhone = "UIInterfaceOrientationPortrait UIInterfaceOrientationLandscapeLeft UIInterfaceOrientationLandscapeRight";
				LD_RUNPATH_SEARCH_PATHS = (
					"$(inherited)",
					"@executable_path/Frameworks",
				);
				MARKETING_VERSION = 1.0;
				PRODUCT_BUNDLE_IDENTIFIER = "com.quote-card";
				PRODUCT_NAME = "$(TARGET_NAME)";
				SWIFT_EMIT_LOC_STRINGS = YES;
				SWIFT_VERSION = 5.0;
				TARGETED_DEVICE_FAMILY = "1,2";
			};
			name = Release;
		};
		CF9EA4FF29C05AF70007AFF3 /* Debug */ = {
			isa = XCBuildConfiguration;
			buildSettings = {
				ALWAYS_EMBED_SWIFT_STANDARD_LIBRARIES = YES;
				BUNDLE_LOADER = "$(TEST_HOST)";
				CODE_SIGN_STYLE = Automatic;
				CURRENT_PROJECT_VERSION = 1;
				GENERATE_INFOPLIST_FILE = YES;
				IPHONEOS_DEPLOYMENT_TARGET = 16.2;
				MARKETING_VERSION = 1.0;
				PRODUCT_BUNDLE_IDENTIFIER = "com.quote-cardTests";
				PRODUCT_NAME = "$(TARGET_NAME)";
				SWIFT_EMIT_LOC_STRINGS = NO;
				SWIFT_VERSION = 5.0;
				TARGETED_DEVICE_FAMILY = "1,2";
				TEST_HOST = "$(BUILT_PRODUCTS_DIR)/quote_card.app/$(BUNDLE_EXECUTABLE_FOLDER_PATH)/quote_card";
			};
			name = Debug;
		};
		CF9EA50029C05AF70007AFF3 /* Release */ = {
			isa = XCBuildConfiguration;
			buildSettings = {
				ALWAYS_EMBED_SWIFT_STANDARD_LIBRARIES = YES;
				BUNDLE_LOADER = "$(TEST_HOST)";
				CODE_SIGN_STYLE = Automatic;
				CURRENT_PROJECT_VERSION = 1;
				GENERATE_INFOPLIST_FILE = YES;
				IPHONEOS_DEPLOYMENT_TARGET = 16.2;
				MARKETING_VERSION = 1.0;
				PRODUCT_BUNDLE_IDENTIFIER = "com.quote-cardTests";
				PRODUCT_NAME = "$(TARGET_NAME)";
				SWIFT_EMIT_LOC_STRINGS = NO;
				SWIFT_VERSION = 5.0;
				TARGETED_DEVICE_FAMILY = "1,2";
				TEST_HOST = "$(BUILT_PRODUCTS_DIR)/quote_card.app/$(BUNDLE_EXECUTABLE_FOLDER_PATH)/quote_card";
			};
			name = Release;
		};
		CF9EA50229C05AF70007AFF3 /* Debug */ = {
			isa = XCBuildConfiguration;
			buildSettings = {
				ALWAYS_EMBED_SWIFT_STANDARD_LIBRARIES = YES;
				CODE_SIGN_STYLE = Automatic;
				CURRENT_PROJECT_VERSION = 1;
				GENERATE_INFOPLIST_FILE = YES;
				MARKETING_VERSION = 1.0;
				PRODUCT_BUNDLE_IDENTIFIER = "com.quote-cardUITests";
				PRODUCT_NAME = "$(TARGET_NAME)";
				SWIFT_EMIT_LOC_STRINGS = NO;
				SWIFT_VERSION = 5.0;
				TARGETED_DEVICE_FAMILY = "1,2";
				TEST_TARGET_NAME = quote_card;
			};
			name = Debug;
		};
		CF9EA50329C05AF70007AFF3 /* Release */ = {
			isa = XCBuildConfiguration;
			buildSettings = {
				ALWAYS_EMBED_SWIFT_STANDARD_LIBRARIES = YES;
				CODE_SIGN_STYLE = Automatic;
				CURRENT_PROJECT_VERSION = 1;
				GENERATE_INFOPLIST_FILE = YES;
				MARKETING_VERSION = 1.0;
				PRODUCT_BUNDLE_IDENTIFIER = "com.quote-cardUITests";
				PRODUCT_NAME = "$(TARGET_NAME)";
				SWIFT_EMIT_LOC_STRINGS = NO;
				SWIFT_VERSION = 5.0;
				TARGETED_DEVICE_FAMILY = "1,2";
				TEST_TARGET_NAME = quote_card;
			};
			name = Release;
		};
/* End XCBuildConfiguration section */

/* Begin XCConfigurationList section */
		CF9EA4D229C05AF40007AFF3 /* Build configuration list for PBXProject "quote_card" */ = {
			isa = XCConfigurationList;
			buildConfigurations = (
				CF9EA4F929C05AF70007AFF3 /* Debug */,
				CF9EA4FA29C05AF70007AFF3 /* Release */,
			);
			defaultConfigurationIsVisible = 0;
			defaultConfigurationName = Release;
		};
		CF9EA4FB29C05AF70007AFF3 /* Build configuration list for PBXNativeTarget "quote_card" */ = {
			isa = XCConfigurationList;
			buildConfigurations = (
				CF9EA4FC29C05AF70007AFF3 /* Debug */,
				CF9EA4FD29C05AF70007AFF3 /* Release */,
			);
			defaultConfigurationIsVisible = 0;
			defaultConfigurationName = Release;
		};
		CF9EA4FE29C05AF70007AFF3 /* Build configuration list for PBXNativeTarget "quote_cardTests" */ = {
			isa = XCConfigurationList;
			buildConfigurations = (
				CF9EA4FF29C05AF70007AFF3 /* Debug */,
				CF9EA50029C05AF70007AFF3 /* Release */,
			);
			defaultConfigurationIsVisible = 0;
			defaultConfigurationName = Release;
		};
		CF9EA50129C05AF70007AFF3 /* Build configuration list for PBXNativeTarget "quote_cardUITests" */ = {
			isa = XCConfigurationList;
			buildConfigurations = (
				CF9EA50229C05AF70007AFF3 /* Debug */,
				CF9EA50329C05AF70007AFF3 /* Release */,
			);
			defaultConfigurationIsVisible = 0;
			defaultConfigurationName = Release;
		};
/* End XCConfigurationList section */
	};
	rootObject = CF9EA4CF29C05AF40007AFF3 /* Project object */;
}
